Microsoft Visual Studio Solution File, Format Version 11.00
# Visual Studio 2008

Project("{8AECBC01-7FEA-0BC5-5A0D-AFA9BBABD4C4}") = "EscapeTheDungeon", "Assembly-CSharp-firstpass.csproj", "{2AD454EA-E5A2-FDD6-00BB-1E9C24B6D41E}"
EndProject
Project("{8AECBC01-7FEA-0BC5-5A0D-AFA9BBABD4C4}") = "EscapeTheDungeon", "Assembly-CSharp.csproj", "{CC41B868-D09D-B146-5DB6-7C3BF3327B51}"
EndProject
Project("{8AECBC01-7FEA-0BC5-5A0D-AFA9BBABD4C4}") = "EscapeTheDungeon", "Assembly-CSharp-Editor-firstpass.csproj", "{0B5D53D5-A5C2-DD25-4847-E3188BD4191C}"
EndProject
Project("{8AECBC01-7FEA-0BC5-5A0D-AFA9BBABD4C4}") = "EscapeTheDungeon", "Assembly-UnityScript.unityproj", "{284DF55F-BEEE-1700-5200-A24EEB65DC90}"
EndProject
Global
	GlobalSection(SolutionConfigurationPlatforms) = preSolution
		Debug|Any CPU = Debug|Any CPU
		Release|Any CPU = Release|Any CPU
	EndGlobalSection
	GlobalSection(ProjectConfigurationPlatforms) = postSolution
		{2AD454EA-E5A2-FDD6-00BB-1E9C24B6D41E}.Debug|Any CPU.ActiveCfg = Debug|Any CPU
		{2AD454EA-E5A2-FDD6-00BB-1E9C24B6D41E}.Debug|Any CPU.Build.0 = Debug|Any CPU
		{2AD454EA-E5A2-FDD6-00BB-1E9C24B6D41E}.Release|Any CPU.ActiveCfg = Release|Any CPU
		{2AD454EA-E5A2-FDD6-00BB-1E9C24B6D41E}.Release|Any CPU.Build.0 = Release|Any CPU
		{CC41B868-D09D-B146-5DB6-7C3BF3327B51}.Debug|Any CPU.ActiveCfg = Debug|Any CPU
		{CC41B868-D09D-B146-5DB6-7C3BF3327B51}.Debug|Any CPU.Build.0 = Debug|Any CPU
		{CC41B868-D09D-B146-5DB6-7C3BF3327B51}.Release|Any CPU.ActiveCfg = Release|Any CPU
		{CC41B868-D09D-B146-5DB6-7C3BF3327B51}.Release|Any CPU.Build.0 = Release|Any CPU
		{0B5D53D5-A5C2-DD25-4847-E3188BD4191C}.Debug|Any CPU.ActiveCfg = Debug|Any CPU
		{0B5D53D5-A5C2-DD25-4847-E3188BD4191C}.Debug|Any CPU.Build.0 = Debug|Any CPU
		{0B5D53D5-A5C2-DD25-4847-E3188BD4191C}.Release|Any CPU.ActiveCfg = Release|Any CPU
		{0B5D53D5-A5C2-DD25-4847-E3188BD4191C}.Release|Any CPU.Build.0 = Release|Any CPU
		{284DF55F-BEEE-1700-5200-A24EEB65DC90}.Debug|Any CPU.ActiveCfg = Debug|Any CPU
		{284DF55F-BEEE-1700-5200-A24EEB65DC90}.Debug|Any CPU.Build.0 = Debug|Any CPU
		{284DF55F-BEEE-1700-5200-A24EEB65DC90}.Release|Any CPU.ActiveCfg = Release|Any CPU
		{284DF55F-BEEE-1700-5200-A24EEB65DC90}.Release|Any CPU.Build.0 = Release|Any CPU
	EndGlobalSection
	GlobalSection(SolutionProperties) = preSolution
		HideSolutionNode = FALSE
	EndGlobalSection
	GlobalSection(MonoDevelopProperties) = preSolution
		StartupItem = Assembly-CSharp.csproj
	EndGlobalSection
EndGlobal
